// !$*UTF8*$!
{
	archiveVersion = 1;
	classes = {
	};
	objectVersion = 77;
	objects = {

/* Begin PBXContainerItemProxy section */
		D002B85F2D562F610034D1DF /* PBXContainerItemProxy */ = {
			isa = PBXContainerItemProxy;
			containerPortal = D002B8462D562F5F0034D1DF /* Project object */;
			proxyType = 1;
			remoteGlobalIDString = D002B84D2D562F5F0034D1DF;
			remoteInfo = ColorGradientsText;
		};
		D002B8692D562F610034D1DF /* PBXContainerItemProxy */ = {
			isa = PBXContainerItemProxy;
			containerPortal = D002B8462D562F5F0034D1DF /* Project object */;
			proxyType = 1;
			remoteGlobalIDString = D002B84D2D562F5F0034D1DF;
			remoteInfo = ColorGradientsText;
		};
/* End PBXContainerItemProxy section */

/* Begin PBXFileReference section */
		D002B84E2D562F5F0034D1DF /* ColorGradientsText.app */ = {isa = PBXFileReference; explicitFileType = wrapper.application; includeInIndex = 0; path = ColorGradientsText.app; sourceTree = BUILT_PRODUCTS_DIR; };
		D002B85E2D562F610034D1DF /* ColorGradientsTextTests.xctest */ = {isa = PBXFileReference; explicitFileType = wrapper.cfbundle; includeInIndex = 0; path = ColorGradientsTextTests.xctest; sourceTree = BUILT_PRODUCTS_DIR; };
		D002B8682D562F610034D1DF /* ColorGradientsTextUITests.xctest */ = {isa = PBXFileReference; explicitFileType = wrapper.cfbundle; includeInIndex = 0; path = ColorGradientsTextUITests.xctest; sourceTree = BUILT_PRODUCTS_DIR; };
/* End PBXFileReference section */

/* Begin PBXFileSystemSynchronizedRootGroup section */
		D002B8502D562F5F0034D1DF /* ColorGradientsText */ = {
			isa = PBXFileSystemSynchronizedRootGroup;
			path = ColorGradientsText;
			sourceTree = "<group>";
		};
		D002B8612D562F610034D1DF /* ColorGradientsTextTests */ = {
			isa = PBXFileSystemSynchronizedRootGroup;
			path = ColorGradientsTextTests;
			sourceTree = "<group>";
		};
		D002B86B2D562F610034D1DF /* ColorGradientsTextUITests */ = {
			isa = PBXFileSystemSynchronizedRootGroup;
			path = ColorGradientsTextUITests;
			sourceTree = "<group>";
		};
/* End PBXFileSystemSynchronizedRootGroup section */

/* Begin PBXFrameworksBuildPhase section */
		D002B84B2D562F5F0034D1DF /* Frameworks */ = {
			isa = PBXFrameworksBuildPhase;
			buildActionMask = 2147483647;
			files = (
			);
			runOnlyForDeploymentPostprocessing = 0;
		};
		D002B85B2D562F610034D1DF /* Frameworks */ = {
			isa = PBXFrameworksBuildPhase;
			buildActionMask = 2147483647;
			files = (
			);
			runOnlyForDeploymentPostprocessing = 0;
		};
		D002B8652D562F610034D1DF /* Frameworks */ = {
			isa = PBXFrameworksBuildPhase;
			buildActionMask = 2147483647;
			files = (
			);
			runOnlyForDeploymentPostprocessing = 0;
		};
/* End PBXFrameworksBuildPhase section */

/* Begin PBXGroup section */
		D002B8452D562F5F0034D1DF = {
			isa = PBXGroup;
			children = (
				D002B8502D562F5F0034D1DF /* ColorGradientsText */,
				D002B8612D562F610034D1DF /* ColorGradientsTextTests */,
				D002B86B2D562F610034D1DF /* ColorGradientsTextUITests */,
				D002B84F2D562F5F0034D1DF /* Products */,
			);
			sourceTree = "<group>";
		};
		D002B84F2D562F5F0034D1DF /* Products */ = {
			isa = PBXGroup;
			children = (
				D002B84E2D562F5F0034D1DF /* ColorGradientsText.app */,
				D002B85E2D562F610034D1DF /* ColorGradientsTextTests.xctest */,
				D002B8682D562F610034D1DF /* ColorGradientsTextUITests.xctest */,
			);
			name = Products;
			sourceTree = "<group>";
		};
/* End PBXGroup section */

/* Begin PBXNativeTarget section */
		D002B84D2D562F5F0034D1DF /* ColorGradientsText */ = {
			isa = PBXNativeTarget;
			buildConfigurationList = D002B8722D562F610034D1DF /* Build configuration list for PBXNativeTarget "ColorGradientsText" */;
			buildPhases = (
				D002B84A2D562F5F0034D1DF /* Sources */,
				D002B84B2D562F5F0034D1DF /* Frameworks */,
				D002B84C2D562F5F0034D1DF /* Resources */,
			);
			buildRules = (
			);
			dependencies = (
			);
			fileSystemSynchronizedGroups = (
				D002B8502D562F5F0034D1DF /* ColorGradientsText */,
			);
			name = ColorGradientsText;
			packageProductDependencies = (
			);
			productName = ColorGradientsText;
			productReference = D002B84E2D562F5F0034D1DF /* ColorGradientsText.app */;
			productType = "com.apple.product-type.application";
		};
		D002B85D2D562F610034D1DF /* ColorGradientsTextTests */ = {
			isa = PBXNativeTarget;
			buildConfigurationList = D002B8752D562F610034D1DF /* Build configuration list for PBXNativeTarget "ColorGradientsTextTests" */;
			buildPhases = (
				D002B85A2D562F610034D1DF /* Sources */,
				D002B85B2D562F610034D1DF /* Frameworks */,
				D002B85C2D562F610034D1DF /* Resources */,
			);
			buildRules = (
			);
			dependencies = (
				D002B8602D562F610034D1DF /* PBXTargetDependency */,
			);
			fileSystemSynchronizedGroups = (
				D002B8612D562F610034D1DF /* ColorGradientsTextTests */,
			);
			name = ColorGradientsTextTests;
			packageProductDependencies = (
			);
			productName = ColorGradientsTextTests;
			productReference = D002B85E2D562F610034D1DF /* ColorGradientsTextTests.xctest */;
			productType = "com.apple.product-type.bundle.unit-test";
		};
		D002B8672D562F610034D1DF /* ColorGradientsTextUITests */ = {
			isa = PBXNativeTarget;
			buildConfigurationList = D002B8782D562F610034D1DF /* Build configuration list for PBXNativeTarget "ColorGradientsTextUITests" */;
			buildPhases = (
				D002B8642D562F610034D1DF /* Sources */,
				D002B8652D562F610034D1DF /* Frameworks */,
				D002B8662D562F610034D1DF /* Resources */,
			);
			buildRules = (
			);
			dependencies = (
				D002B86A2D562F610034D1DF /* PBXTargetDependency */,
			);
			fileSystemSynchronizedGroups = (
				D002B86B2D562F610034D1DF /* ColorGradientsTextUITests */,
			);
			name = ColorGradientsTextUITests;
			packageProductDependencies = (
			);
			productName = ColorGradientsTextUITests;
			productReference = D002B8682D562F610034D1DF /* ColorGradientsTextUITests.xctest */;
			productType = "com.apple.product-type.bundle.ui-testing";
		};
/* End PBXNativeTarget section */

/* Begin PBXProject section */
		D002B8462D562F5F0034D1DF /* Project object */ = {
			isa = PBXProject;
			attributes = {
				BuildIndependentTargetsInParallel = 1;
				LastSwiftUpdateCheck = 1620;
				LastUpgradeCheck = 1620;
				TargetAttributes = {
					D002B84D2D562F5F0034D1DF = {
						CreatedOnToolsVersion = 16.2;
					};
					D002B85D2D562F610034D1DF = {
						CreatedOnToolsVersion = 16.2;
						TestTargetID = D002B84D2D562F5F0034D1DF;
					};
					D002B8672D562F610034D1DF = {
						CreatedOnToolsVersion = 16.2;
						TestTargetID = D002B84D2D562F5F0034D1DF;
					};
				};
			};
			buildConfigurationList = D002B8492D562F5F0034D1DF /* Build configuration list for PBXProject "ColorGradientsText" */;
			developmentRegion = en;
			hasScannedForEncodings = 0;
			knownRegions = (
				en,
				Base,
			);
			mainGroup = D002B8452D562F5F0034D1DF;
			minimizedProjectReferenceProxies = 1;
			preferredProjectObjectVersion = 77;
			productRefGroup = D002B84F2D562F5F0034D1DF /* Products */;
			projectDirPath = "";
			projectRoot = "";
			targets = (
				D002B84D2D562F5F0034D1DF /* ColorGradientsText */,
				D002B85D2D562F610034D1DF /* ColorGradientsTextTests */,
				D002B8672D562F610034D1DF /* ColorGradientsTextUITests */,
			);
		};
/* End PBXProject section */

/* Begin PBXResourcesBuildPhase section */
		D002B84C2D562F5F0034D1DF /* Resources */ = {
			isa = PBXResourcesBuildPhase;
			buildActionMask = 2147483647;
			files = (
			);
			runOnlyForDeploymentPostprocessing = 0;
		};
		D002B85C2D562F610034D1DF /* Resources */ = {
			isa = PBXResourcesBuildPhase;
			buildActionMask = 2147483647;
			files = (
			);
			runOnlyForDeploymentPostprocessing = 0;
		};
		D002B8662D562F610034D1DF /* Resources */ = {
			isa = PBXResourcesBuildPhase;
			buildActionMask = 2147483647;
			files = (
			);
			runOnlyForDeploymentPostprocessing = 0;
		};
/* End PBXResourcesBuildPhase section */

/* Begin PBXSourcesBuildPhase section */
		D002B84A2D562F5F0034D1DF /* Sources */ = {
			isa = PBXSourcesBuildPhase;
			buildActionMask = 2147483647;
			files = (
			);
			runOnlyForDeploymentPostprocessing = 0;
		};
		D002B85A2D562F610034D1DF /* Sources */ = {
			isa = PBXSourcesBuildPhase;
			buildActionMask = 2147483647;
			files = (
			);
			runOnlyForDeploymentPostprocessing = 0;
		};
		D002B8642D562F610034D1DF /* Sources */ = {
			isa = PBXSourcesBuildPhase;
			buildActionMask = 2147483647;
			files = (
			);
			runOnlyForDeploymentPostprocessing = 0;
		};
/* End PBXSourcesBuildPhase section */

/* Begin PBXTargetDependency section */
		D002B8602D562F610034D1DF /* PBXTargetDependency */ = {
			isa = PBXTargetDependency;
			target = D002B84D2D562F5F0034D1DF /* ColorGradientsText */;
			targetProxy = D002B85F2D562F610034D1DF /* PBXContainerItemProxy */;
		};
		D002B86A2D562F610034D1DF /* PBXTargetDependency */ = {
			isa = PBXTargetDependency;
			target = D002B84D2D562F5F0034D1DF /* ColorGradientsText */;
			targetProxy = D002B8692D562F610034D1DF /* PBXContainerItemProxy */;
		};
/* End PBXTargetDependency section */

/* Begin XCBuildConfiguration section */
		D002B8702D562F610034D1DF /* Debug */ = {
			isa = XCBuildConfiguration;
			buildSettings = {
				ALWAYS_SEARCH_USER_PATHS = NO;
				ASSETCATALOG_COMPILER_GENERATE_SWIFT_ASSET_SYMBOL_EXTENSIONS = YES;
				CLANG_ANALYZER_NONNULL = YES;
				CLANG_ANALYZER_NUMBER_OBJECT_CONVERSION = YES_AGGRESSIVE;
				CLANG_CXX_LANGUAGE_STANDARD = "gnu++20";
				CLANG_ENABLE_MODULES = YES;
				CLANG_ENABLE_OBJC_ARC = YES;
				CLANG_ENABLE_OBJC_WEAK = YES;
				CLANG_WARN_BLOCK_CAPTURE_AUTORELEASING = YES;
				CLANG_WARN_BOOL_CONVERSION = YES;
				CLANG_WARN_COMMA = YES;
				CLANG_WARN_CONSTANT_CONVERSION = YES;
				CLANG_WARN_DEPRECATED_OBJC_IMPLEMENTATIONS = YES;
				CLANG_WARN_DIRECT_OBJC_ISA_USAGE = YES_ERROR;
				CLANG_WARN_DOCUMENTATION_COMMENTS = YES;
				CLANG_WARN_EMPTY_BODY = YES;
				CLANG_WARN_ENUM_CONVERSION = YES;
				CLANG_WARN_INFINITE_RECURSION = YES;
				CLANG_WARN_INT_CONVERSION = YES;
				CLANG_WARN_NON_LITERAL_NULL_CONVERSION = YES;
				CLANG_WARN_OBJC_IMPLICIT_RETAIN_SELF = YES;
				CLANG_WARN_OBJC_LITERAL_CONVERSION = YES;
				CLANG_WARN_OBJC_ROOT_CLASS = YES_ERROR;
				CLANG_WARN_QUOTED_INCLUDE_IN_FRAMEWORK_HEADER = YES;
				CLANG_WARN_RANGE_LOOP_ANALYSIS = YES;
				CLANG_WARN_STRICT_PROTOTYPES = YES;
				CLANG_WARN_SUSPICIOUS_MOVE = YES;
				CLANG_WARN_UNGUARDED_AVAILABILITY = YES_AGGRESSIVE;
				CLANG_WARN_UNREACHABLE_CODE = YES;
				CLANG_WARN__DUPLICATE_METHOD_MATCH = YES;
				COPY_PHASE_STRIP = NO;
				DEBUG_INFORMATION_FORMAT = dwarf;
				ENABLE_STRICT_OBJC_MSGSEND = YES;
				ENABLE_TESTABILITY = YES;
				ENABLE_USER_SCRIPT_SANDBOXING = YES;
				GCC_C_LANGUAGE_STANDARD = gnu17;
				GCC_DYNAMIC_NO_PIC = NO;
				GCC_NO_COMMON_BLOCKS = YES;
				GCC_OPTIMIZATION_LEVEL = 0;
				GCC_PREPROCESSOR_DEFINITIONS = (
					"DEBUG=1",
					"$(inherited)",
				);
				GCC_WARN_64_TO_32_BIT_CONVERSION = YES;
				GCC_WARN_ABOUT_RETURN_TYPE = YES_ERROR;
				GCC_WARN_UNDECLARED_SELECTOR = YES;
				GCC_WARN_UNINITIALIZED_AUTOS = YES_AGGRESSIVE;
				GCC_WARN_UNUSED_FUNCTION = YES;
				GCC_WARN_UNUSED_VARIABLE = YES;
				IPHONEOS_DEPLOYMENT_TARGET = 18.2;
				LOCALIZATION_PREFERS_STRING_CATALOGS = YES;
				MTL_ENABLE_DEBUG_INFO = INCLUDE_SOURCE;
				MTL_FAST_MATH = YES;
				ONLY_ACTIVE_ARCH = YES;
				SDKROOT = iphoneos;
				SWIFT_ACTIVE_COMPILATION_CONDITIONS = "DEBUG $(inherited)";
				SWIFT_OPTIMIZATION_LEVEL = "-Onone";
			};
			name = Debug;
		};
		D002B8712D562F610034D1DF /* Release */ = {
			isa = XCBuildConfiguration;
			buildSettings = {
				ALWAYS_SEARCH_USER_PATHS = NO;
				ASSETCATALOG_COMPILER_GENERATE_SWIFT_ASSET_SYMBOL_EXTENSIONS = YES;
				CLANG_ANALYZER_NONNULL = YES;
				CLANG_ANALYZER_NUMBER_OBJECT_CONVERSION = YES_AGGRESSIVE;
				CLANG_CXX_LANGUAGE_STANDARD = "gnu++20";
				CLANG_ENABLE_MODULES = YES;
				CLANG_ENABLE_OBJC_ARC = YES;
				CLANG_ENABLE_OBJC_WEAK = YES;
				CLANG_WARN_BLOCK_CAPTURE_AUTORELEASING = YES;
				CLANG_WARN_BOOL_CONVERSION = YES;
				CLANG_WARN_COMMA = YES;
				CLANG_WARN_CONSTANT_CONVERSION = YES;
				CLANG_WARN_DEPRECATED_OBJC_IMPLEMENTATIONS = YES;
				CLANG_WARN_DIRECT_OBJC_ISA_USAGE = YES_ERROR;
				CLANG_WARN_DOCUMENTATION_COMMENTS = YES;
				CLANG_WARN_EMPTY_BODY = YES;
				CLANG_WARN_ENUM_CONVERSION = YES;
				CLANG_WARN_INFINITE_RECURSION = YES;
				CLANG_WARN_INT_CONVERSION = YES;
				CLANG_WARN_NON_LITERAL_NULL_CONVERSION = YES;
				CLANG_WARN_OBJC_IMPLICIT_RETAIN_SELF = YES;
				CLANG_WARN_OBJC_LITERAL_CONVERSION = YES;
				CLANG_WARN_OBJC_ROOT_CLASS = YES_ERROR;
				CLANG_WARN_QUOTED_INCLUDE_IN_FRAMEWORK_HEADER = YES;
				CLANG_WARN_RANGE_LOOP_ANALYSIS = YES;
				CLANG_WARN_STRICT_PROTOTYPES = YES;
				CLANG_WARN_SUSPICIOUS_MOVE = YES;
				CLANG_WARN_UNGUARDED_AVAILABILITY = YES_AGGRESSIVE;
				CLANG_WARN_UNREACHABLE_CODE = YES;
				CLANG_WARN__DUPLICATE_METHOD_MATCH = YES;
				COPY_PHASE_STRIP = NO;
				DEBUG_INFORMATION_FORMAT = "dwarf-with-dsym";
				ENABLE_NS_ASSERTIONS = NO;
				ENABLE_STRICT_OBJC_MSGSEND = YES;
				ENABLE_USER_SCRIPT_SANDBOXING = YES;
				GCC_C_LANGUAGE_STANDARD = gnu17;
				GCC_NO_COMMON_BLOCKS = YES;
				GCC_WARN_64_TO_32_BIT_CONVERSION = YES;
				GCC_WARN_ABOUT_RETURN_TYPE = YES_ERROR;
				GCC_WARN_UNDECLARED_SELECTOR = YES;
				GCC_WARN_UNINITIALIZED_AUTOS = YES_AGGRESSIVE;
				GCC_WARN_UNUSED_FUNCTION = YES;
				GCC_WARN_UNUSED_VARIABLE = YES;
				IPHONEOS_DEPLOYMENT_TARGET = 18.2;
				LOCALIZATION_PREFERS_STRING_CATALOGS = YES;
				MTL_ENABLE_DEBUG_INFO = NO;
				MTL_FAST_MATH = YES;
				SDKROOT = iphoneos;
				SWIFT_COMPILATION_MODE = wholemodule;
				VALIDATE_PRODUCT = YES;
			};
			name = Release;
		};
		D002B8732D562F610034D1DF /* Debug */ = {
			isa = XCBuildConfiguration;
			buildSettings = {
				ASSETCATALOG_COMPILER_APPICON_NAME = AppIcon;
				ASSETCATALOG_COMPILER_GLOBAL_ACCENT_COLOR_NAME = AccentColor;
				CODE_SIGN_STYLE = Automatic;
				CURRENT_PROJECT_VERSION = 1;
				DEVELOPMENT_ASSET_PATHS = "\"ColorGradientsText/Preview Content\"";
				ENABLE_PREVIEWS = YES;
				GENERATE_INFOPLIST_FILE = YES;
				INFOPLIST_KEY_UIApplicationSceneManifest_Generation = YES;
				INFOPLIST_KEY_UIApplicationSupportsIndirectInputEvents = YES;
				INFOPLIST_KEY_UILaunchScreen_Generation = YES;
				INFOPLIST_KEY_UISupportedInterfaceOrientations_iPad = "UIInterfaceOrientationPortrait UIInterfaceOrientationPortraitUpsideDown UIInterfaceOrientationLandscapeLeft UIInterfaceOrientationLandscapeRight";
				INFOPLIST_KEY_UISupportedInterfaceOrientations_iPhone = "UIInterfaceOrientationPortrait UIInterfaceOrientationLandscapeLeft UIInterfaceOrientationLandscapeRight";
				LD_RUNPATH_SEARCH_PATHS = (
					"$(inherited)",
					"@executable_path/Frameworks",
				);
				MARKETING_VERSION = 1.0;
				PRODUCT_BUNDLE_IDENTIFIER = com.elexoft.ColorGradientsText;
				PRODUCT_NAME = "$(TARGET_NAME)";
				SWIFT_EMIT_LOC_STRINGS = YES;
				SWIFT_VERSION = 5.0;
				TARGETED_DEVICE_FAMILY = "1,2";
			};
			name = Debug;
		};
		D002B8742D562F610034D1DF /* Release */ = {
			isa = XCBuildConfiguration;
			buildSettings = {
				ASSETCATALOG_COMPILER_APPICON_NAME = AppIcon;
				ASSETCATALOG_COMPILER_GLOBAL_ACCENT_COLOR_NAME = AccentColor;
				CODE_SIGN_STYLE = Automatic;
				CURRENT_PROJECT_VERSION = 1;
				DEVELOPMENT_ASSET_PATHS = "\"ColorGradientsText/Preview Content\"";
				ENABLE_PREVIEWS = YES;
				GENERATE_INFOPLIST_FILE = YES;
				INFOPLIST_KEY_UIApplicationSceneManifest_Generation = YES;
				INFOPLIST_KEY_UIApplicationSupportsIndirectInputEvents = YES;
				INFOPLIST_KEY_UILaunchScreen_Generation = YES;
				INFOPLIST_KEY_UISupportedInterfaceOrientations_iPad = "UIInterfaceOrientationPortrait UIInterfaceOrientationPortraitUpsideDown UIInterfaceOrientationLandscapeLeft UIInterfaceOrientationLandscapeRight";
				INFOPLIST_KEY_UISupportedInterfaceOrientations_iPhone = "UIInterfaceOrientationPortrait UIInterfaceOrientationLandscapeLeft UIInterfaceOrientationLandscapeRight";
				LD_RUNPATH_SEARCH_PATHS = (
					"$(inherited)",
					"@executable_path/Frameworks",
				);
				MARKETING_VERSION = 1.0;
				PRODUCT_BUNDLE_IDENTIFIER = com.elexoft.ColorGradientsText;
				PRODUCT_NAME = "$(TARGET_NAME)";
				SWIFT_EMIT_LOC_STRINGS = YES;
				SWIFT_VERSION = 5.0;
				TARGETED_DEVICE_FAMILY = "1,2";
			};
			name = Release;
		};
		D002B8762D562F610034D1DF /* Debug */ = {
			isa = XCBuildConfiguration;
			buildSettings = {
				BUNDLE_LOADER = "$(TEST_HOST)";
				CODE_SIGN_STYLE = Automatic;
				CURRENT_PROJECT_VERSION = 1;
				GENERATE_INFOPLIST_FILE = YES;
				IPHONEOS_DEPLOYMENT_TARGET = 18.2;
				MARKETING_VERSION = 1.0;
				PRODUCT_BUNDLE_IDENTIFIER = com.elexoft.ColorGradientsTextTests;
				PRODUCT_NAME = "$(TARGET_NAME)";
				SWIFT_EMIT_LOC_STRINGS = NO;
				SWIFT_VERSION = 5.0;
				TARGETED_DEVICE_FAMILY = "1,2";
				TEST_HOST = "$(BUILT_PRODUCTS_DIR)/ColorGradientsText.app/$(BUNDLE_EXECUTABLE_FOLDER_PATH)/ColorGradientsText";
			};
			name = Debug;
		};
		D002B8772D562F610034D1DF /* Release */ = {
			isa = XCBuildConfiguration;
			buildSettings = {
				BUNDLE_LOADER = "$(TEST_HOST)";
				CODE_SIGN_STYLE = Automatic;
				CURRENT_PROJECT_VERSION = 1;
				GENERATE_INFOPLIST_FILE = YES;
				IPHONEOS_DEPLOYMENT_TARGET = 18.2;
				MARKETING_VERSION = 1.0;
				PRODUCT_BUNDLE_IDENTIFIER = com.elexoft.ColorGradientsTextTests;
				PRODUCT_NAME = "$(TARGET_NAME)";
				SWIFT_EMIT_LOC_STRINGS = NO;
				SWIFT_VERSION = 5.0;
				TARGETED_DEVICE_FAMILY = "1,2";
				TEST_HOST = "$(BUILT_PRODUCTS_DIR)/ColorGradientsText.app/$(BUNDLE_EXECUTABLE_FOLDER_PATH)/ColorGradientsText";
			};
			name = Release;
		};
		D002B8792D562F610034D1DF /* Debug */ = {
			isa = XCBuildConfiguration;
			buildSettings = {
				CODE_SIGN_STYLE = Automatic;
				CURRENT_PROJECT_VERSION = 1;
				GENERATE_INFOPLIST_FILE = YES;
				MARKETING_VERSION = 1.0;
				PRODUCT_BUNDLE_IDENTIFIER = com.elexoft.ColorGradientsTextUITests;
				PRODUCT_NAME = "$(TARGET_NAME)";
				SWIFT_EMIT_LOC_STRINGS = NO;
				SWIFT_VERSION = 5.0;
				TARGETED_DEVICE_FAMILY = "1,2";
				TEST_TARGET_NAME = ColorGradientsText;
			};
			name = Debug;
		};
		D002B87A2D562F610034D1DF /* Release */ = {
			isa = XCBuildConfiguration;
			buildSettings = {
				CODE_SIGN_STYLE = Automatic;
				CURRENT_PROJECT_VERSION = 1;
				GENERATE_INFOPLIST_FILE = YES;
				MARKETING_VERSION = 1.0;
				PRODUCT_BUNDLE_IDENTIFIER = com.elexoft.ColorGradientsTextUITests;
				PRODUCT_NAME = "$(TARGET_NAME)";
				SWIFT_EMIT_LOC_STRINGS = NO;
				SWIFT_VERSION = 5.0;
				TARGETED_DEVICE_FAMILY = "1,2";
				TEST_TARGET_NAME = ColorGradientsText;
			};
			name = Release;
		};
/* End XCBuildConfiguration section */

/* Begin XCConfigurationList section */
		D002B8492D562F5F0034D1DF /* Build configuration list for PBXProject "ColorGradientsText" */ = {
			isa = XCConfigurationList;
			buildConfigurations = (
				D002B8702D562F610034D1DF /* Debug */,
				D002B8712D562F610034D1DF /* Release */,
			);
			defaultConfigurationIsVisible = 0;
			defaultConfigurationName = Release;
		};
		D002B8722D562F610034D1DF /* Build configuration list for PBXNativeTarget "ColorGradientsText" */ = {
			isa = XCConfigurationList;
			buildConfigurations = (
				D002B8732D562F610034D1DF /* Debug */,
				D002B8742D562F610034D1DF /* Release */,
			);
			defaultConfigurationIsVisible = 0;
			defaultConfigurationName = Release;
		};
		D002B8752D562F610034D1DF /* Build configuration list for PBXNativeTarget "ColorGradientsTextTests" */ = {
			isa = XCConfigurationList;
			buildConfigurations = (
				D002B8762D562F610034D1DF /* Debug */,
				D002B8772D562F610034D1DF /* Release */,
			);
			defaultConfigurationIsVisible = 0;
			defaultConfigurationName = Release;
		};
		D002B8782D562F610034D1DF /* Build configuration list for PBXNativeTarget "ColorGradientsTextUITests" */ = {
			isa = XCConfigurationList;
			buildConfigurations = (
				D002B8792D562F610034D1DF /* Debug */,
				D002B87A2D562F610034D1DF /* Release */,
			);
			defaultConfigurationIsVisible = 0;
			defaultConfigurationName = Release;
		};
/* End XCConfigurationList section */
	};
	rootObject = D002B8462D562F5F0034D1DF /* Project object */;
}
